
Microsoft Visual Studio Solution File, Format Version 12.00
# Visual Studio Version 16
VisualStudioVersion = 16.0.30611.23
MinimumVisualStudioVersion = 10.0.40219.1
Project("{FAE04EC0-301F-11D3-BF4B-00C04F79EFBC}") = "Quest.do", "Quest.do\Quest.do.csproj", "{646D449B-940A-4F52-B315-5FE6E6CE3EC9}"
EndProject
Global
	GlobalSection(SolutionConfigurationPlatforms) = preSolution
		Debug|Any CPU = Debug|Any CPU
		Release|Any CPU = Release|Any CPU
	EndGlobalSection
	GlobalSection(ProjectConfigurationPlatforms) = postSolution
		{646D449B-940A-4F52-B315-5FE6E6CE3EC9}.Debug|Any CPU.ActiveCfg = Debug|Any CPU
		{646D449B-940A-4F52-B315-5FE6E6CE3EC9}.Debug|Any CPU.Build.0 = Debug|Any CPU
		{646D449B-940A-4F52-B315-5FE6E6CE3EC9}.Release|Any CPU.ActiveCfg = Release|Any CPU
		{646D449B-940A-4F52-B315-5FE6E6CE3EC9}.Release|Any CPU.Build.0 = Release|Any CPU
	EndGlobalSection
	GlobalSection(SolutionProperties) = preSolution
		HideSolutionNode = FALSE
	EndGlobalSection
	GlobalSection(ExtensibilityGlobals) = postSolution
		SolutionGuid = {F2FC220A-3487-4C23-B44A-06BBBB9A44EF}
	EndGlobalSection
EndGlobal
